
Microsoft Visual Studio Solution File, Format Version 12.00
# Visual Studio 15
VisualStudioVersion = 15.0.28307.852
MinimumVisualStudioVersion = 10.0.40219.1
Project("{FAE04EC0-301F-11D3-BF4B-00C04F79EFBC}") = "Refresh memory excersise", "Refresh memory excersise\Refresh memory excersise.csproj", "{E4010BEB-F044-4E36-99B7-CB90F8DF85F6}"
EndProject
Global
	GlobalSection(SolutionConfigurationPlatforms) = preSolution
		Debug|Any CPU = Debug|Any CPU
		Release|Any CPU = Release|Any CPU
	EndGlobalSection
	GlobalSection(ProjectConfigurationPlatforms) = postSolution
		{E4010BEB-F044-4E36-99B7-CB90F8DF85F6}.Debug|Any CPU.ActiveCfg = Debug|Any CPU
		{E4010BEB-F044-4E36-99B7-CB90F8DF85F6}.Debug|Any CPU.Build.0 = Debug|Any CPU
		{E4010BEB-F044-4E36-99B7-CB90F8DF85F6}.Release|Any CPU.ActiveCfg = Release|Any CPU
		{E4010BEB-F044-4E36-99B7-CB90F8DF85F6}.Release|Any CPU.Build.0 = Release|Any CPU
	EndGlobalSection
	GlobalSection(SolutionProperties) = preSolution
		HideSolutionNode = FALSE
	EndGlobalSection
	GlobalSection(ExtensibilityGlobals) = postSolution
		SolutionGuid = {633AE00D-4645-444C-9C00-3ED169C1CF7B}
	EndGlobalSection
EndGlobal
